
Microsoft Visual Studio Solution File, Format Version 12.00
# Visual Studio Version 17
VisualStudioVersion = 17.12.35728.132
MinimumVisualStudioVersion = 10.0.40219.1
Project("{FAE04EC0-301F-11D3-BF4B-00C04F79EFBC}") = "E-Commerce.Web", "E-Commerce.Web\E-Commerce.Web.csproj", "{BAA1B461-F1FC-4F32-9597-1F241AEBDBB9}"
EndProject
Project("{2150E333-8FDC-42A3-9474-1A3956D46DE8}") = "Core", "Core", "{6A6CCC5C-469A-483F-92D3-35528F82733E}"
EndProject
Project("{FAE04EC0-301F-11D3-BF4B-00C04F79EFBC}") = "DomainLayer", "Core\DomainLayer\DomainLayer.csproj", "{574707E5-2C5B-480B-86B8-765190DC6BFE}"
EndProject
Project("{FAE04EC0-301F-11D3-BF4B-00C04F79EFBC}") = "Service", "Core\Service\Service.csproj", "{27E24EC0-58FE-4601-8AA8-23CC009617E3}"
EndProject
Project("{FAE04EC0-301F-11D3-BF4B-00C04F79EFBC}") = "ServiceAbstraction", "Core\ServiceAbstraction\ServiceAbstraction.csproj", "{46350CD1-D682-4C22-B68A-01D20084C022}"
EndProject
Project("{2150E333-8FDC-42A3-9474-1A3956D46DE8}") = "Infrastructure", "Infrastructure", "{E16641AA-45E6-4FC5-A5B6-5E74F7E5260B}"
EndProject
Project("{FAE04EC0-301F-11D3-BF4B-00C04F79EFBC}") = "Shared", "Shared\Shared.csproj", "{DDF501EB-0E9D-4F5A-BB76-418165965BA6}"
EndProject
Project("{FAE04EC0-301F-11D3-BF4B-00C04F79EFBC}") = "Persistence", "Infrastructure\Persistence\Persistence.csproj", "{1E6CCC32-0C5C-4A7A-A87A-684467E0EF63}"
EndProject
Project("{FAE04EC0-301F-11D3-BF4B-00C04F79EFBC}") = "Presentation", "Infrastructure\Presentation\Presentation.csproj", "{937ED6A2-3232-44A4-A0CB-5707606C08F6}"
EndProject
Global
	GlobalSection(SolutionConfigurationPlatforms) = preSolution
		Debug|Any CPU = Debug|Any CPU
		Release|Any CPU = Release|Any CPU
	EndGlobalSection
	GlobalSection(ProjectConfigurationPlatforms) = postSolution
		{BAA1B461-F1FC-4F32-9597-1F241AEBDBB9}.Debug|Any CPU.ActiveCfg = Debug|Any CPU
		{BAA1B461-F1FC-4F32-9597-1F241AEBDBB9}.Debug|Any CPU.Build.0 = Debug|Any CPU
		{BAA1B461-F1FC-4F32-9597-1F241AEBDBB9}.Release|Any CPU.ActiveCfg = Release|Any CPU
		{BAA1B461-F1FC-4F32-9597-1F241AEBDBB9}.Release|Any CPU.Build.0 = Release|Any CPU
		{574707E5-2C5B-480B-86B8-765190DC6BFE}.Debug|Any CPU.ActiveCfg = Debug|Any CPU
		{574707E5-2C5B-480B-86B8-765190DC6BFE}.Debug|Any CPU.Build.0 = Debug|Any CPU
		{574707E5-2C5B-480B-86B8-765190DC6BFE}.Release|Any CPU.ActiveCfg = Release|Any CPU
		{574707E5-2C5B-480B-86B8-765190DC6BFE}.Release|Any CPU.Build.0 = Release|Any CPU
		{27E24EC0-58FE-4601-8AA8-23CC009617E3}.Debug|Any CPU.ActiveCfg = Debug|Any CPU
		{27E24EC0-58FE-4601-8AA8-23CC009617E3}.Debug|Any CPU.Build.0 = Debug|Any CPU
		{27E24EC0-58FE-4601-8AA8-23CC009617E3}.Release|Any CPU.ActiveCfg = Release|Any CPU
		{27E24EC0-58FE-4601-8AA8-23CC009617E3}.Release|Any CPU.Build.0 = Release|Any CPU
		{46350CD1-D682-4C22-B68A-01D20084C022}.Debug|Any CPU.ActiveCfg = Debug|Any CPU
		{46350CD1-D682-4C22-B68A-01D20084C022}.Debug|Any CPU.Build.0 = Debug|Any CPU
		{46350CD1-D682-4C22-B68A-01D20084C022}.Release|Any CPU.ActiveCfg = Release|Any CPU
		{46350CD1-D682-4C22-B68A-01D20084C022}.Release|Any CPU.Build.0 = Release|Any CPU
		{DDF501EB-0E9D-4F5A-BB76-418165965BA6}.Debug|Any CPU.ActiveCfg = Debug|Any CPU
		{DDF501EB-0E9D-4F5A-BB76-418165965BA6}.Debug|Any CPU.Build.0 = Debug|Any CPU
		{DDF501EB-0E9D-4F5A-BB76-418165965BA6}.Release|Any CPU.ActiveCfg = Release|Any CPU
		{DDF501EB-0E9D-4F5A-BB76-418165965BA6}.Release|Any CPU.Build.0 = Release|Any CPU
		{1E6CCC32-0C5C-4A7A-A87A-684467E0EF63}.Debug|Any CPU.ActiveCfg = Debug|Any CPU
		{1E6CCC32-0C5C-4A7A-A87A-684467E0EF63}.Debug|Any CPU.Build.0 = Debug|Any CPU
		{1E6CCC32-0C5C-4A7A-A87A-684467E0EF63}.Release|Any CPU.ActiveCfg = Release|Any CPU
		{1E6CCC32-0C5C-4A7A-A87A-684467E0EF63}.Release|Any CPU.Build.0 = Release|Any CPU
		{937ED6A2-3232-44A4-A0CB-5707606C08F6}.Debug|Any CPU.ActiveCfg = Debug|Any CPU
		{937ED6A2-3232-44A4-A0CB-5707606C08F6}.Debug|Any CPU.Build.0 = Debug|Any CPU
		{937ED6A2-3232-44A4-A0CB-5707606C08F6}.Release|Any CPU.ActiveCfg = Release|Any CPU
		{937ED6A2-3232-44A4-A0CB-5707606C08F6}.Release|Any CPU.Build.0 = Release|Any CPU
	EndGlobalSection
	GlobalSection(SolutionProperties) = preSolution
		HideSolutionNode = FALSE
	EndGlobalSection
	GlobalSection(NestedProjects) = preSolution
		{574707E5-2C5B-480B-86B8-765190DC6BFE} = {6A6CCC5C-469A-483F-92D3-35528F82733E}
		{27E24EC0-58FE-4601-8AA8-23CC009617E3} = {6A6CCC5C-469A-483F-92D3-35528F82733E}
		{46350CD1-D682-4C22-B68A-01D20084C022} = {6A6CCC5C-469A-483F-92D3-35528F82733E}
		{1E6CCC32-0C5C-4A7A-A87A-684467E0EF63} = {E16641AA-45E6-4FC5-A5B6-5E74F7E5260B}
		{937ED6A2-3232-44A4-A0CB-5707606C08F6} = {E16641AA-45E6-4FC5-A5B6-5E74F7E5260B}
	EndGlobalSection
EndGlobal
