
Microsoft Visual Studio Solution File, Format Version 12.00
# Visual Studio Version 17
VisualStudioVersion = 17.12.35728.132
MinimumVisualStudioVersion = 10.0.40219.1
Project("{FAE04EC0-301F-11D3-BF4B-00C04F79EFBC}") = "E-Commerce.Web", "E-Commerce.Web\E-Commerce.Web.csproj", "{BAA1B461-F1FC-4F32-9597-1F241AEBDBB9}"
EndProject
Project("{2150E333-8FDC-42A3-9474-1A3956D46DE8}") = "Core", "Core", "{6A6CCC5C-469A-483F-92D3-35528F82733E}"
EndProject
Global
	GlobalSection(SolutionConfigurationPlatforms) = preSolution
		Debug|Any CPU = Debug|Any CPU
		Release|Any CPU = Release|Any CPU
	EndGlobalSection
	GlobalSection(ProjectConfigurationPlatforms) = postSolution
		{BAA1B461-F1FC-4F32-9597-1F241AEBDBB9}.Debug|Any CPU.ActiveCfg = Debug|Any CPU
		{BAA1B461-F1FC-4F32-9597-1F241AEBDBB9}.Debug|Any CPU.Build.0 = Debug|Any CPU
		{BAA1B461-F1FC-4F32-9597-1F241AEBDBB9}.Release|Any CPU.ActiveCfg = Release|Any CPU
		{BAA1B461-F1FC-4F32-9597-1F241AEBDBB9}.Release|Any CPU.Build.0 = Release|Any CPU
	EndGlobalSection
	GlobalSection(SolutionProperties) = preSolution
		HideSolutionNode = FALSE
	EndGlobalSection
EndGlobal
